
Microsoft Visual Studio Solution File, Format Version 12.00
# Visual Studio Version 16
VisualStudioVersion = 16.0.30611.23
MinimumVisualStudioVersion = 10.0.40219.1
Project("{FAE04EC0-301F-11D3-BF4B-00C04F79EFBC}") = "ProiectIA", "ProiectIA\ProiectIA.csproj", "{D44E30E9-443B-47D0-B8CC-02BEDBB44307}"
EndProject
Global
	GlobalSection(SolutionConfigurationPlatforms) = preSolution
		Debug|Any CPU = Debug|Any CPU
		Release|Any CPU = Release|Any CPU
	EndGlobalSection
	GlobalSection(ProjectConfigurationPlatforms) = postSolution
		{D44E30E9-443B-47D0-B8CC-02BEDBB44307}.Debug|Any CPU.ActiveCfg = Debug|Any CPU
		{D44E30E9-443B-47D0-B8CC-02BEDBB44307}.Debug|Any CPU.Build.0 = Debug|Any CPU
		{D44E30E9-443B-47D0-B8CC-02BEDBB44307}.Release|Any CPU.ActiveCfg = Release|Any CPU
		{D44E30E9-443B-47D0-B8CC-02BEDBB44307}.Release|Any CPU.Build.0 = Release|Any CPU
	EndGlobalSection
	GlobalSection(SolutionProperties) = preSolution
		HideSolutionNode = FALSE
	EndGlobalSection
	GlobalSection(ExtensibilityGlobals) = postSolution
		SolutionGuid = {16D9B24D-5C74-4204-A404-8556DC5F7477}
	EndGlobalSection
EndGlobal
